
Microsoft Visual Studio Solution File, Format Version 12.00
# Visual Studio Version 16
VisualStudioVersion = 16.0.29728.190
MinimumVisualStudioVersion = 10.0.40219.1
Project("{9A19103F-16F7-4668-BE54-9A1E7A4F7556}") = "Web.Api", "Web.Api\Web.Api.csproj", "{4EDDBD8C-961A-468F-B3F9-6C565C11E659}"
EndProject
Project("{9A19103F-16F7-4668-BE54-9A1E7A4F7556}") = "Web.Api.Core", "Web.Api.Core\Web.Api.Core.csproj", "{10FF8730-937C-4CA2-A19D-E1C04B0C097E}"
EndProject
Project("{9A19103F-16F7-4668-BE54-9A1E7A4F7556}") = "Web.Api.Infrastructure", "Web.Api.Infrastructure\Web.Api.Infrastructure.csproj", "{4E61733A-0F57-4134-BF97-5C7943558CB2}"
EndProject
Project("{2150E333-8FDC-42A3-9474-1A3956D46DE8}") = "Tests", "Tests", "{9147E2C9-7DDE-4730-8DE8-72CF9AB0347A}"
EndProject
Global
	GlobalSection(SolutionConfigurationPlatforms) = preSolution
		Debug|Any CPU = Debug|Any CPU
		Release|Any CPU = Release|Any CPU
	EndGlobalSection
	GlobalSection(ProjectConfigurationPlatforms) = postSolution
		{4EDDBD8C-961A-468F-B3F9-6C565C11E659}.Debug|Any CPU.ActiveCfg = Debug|Any CPU
		{4EDDBD8C-961A-468F-B3F9-6C565C11E659}.Debug|Any CPU.Build.0 = Debug|Any CPU
		{4EDDBD8C-961A-468F-B3F9-6C565C11E659}.Release|Any CPU.ActiveCfg = Release|Any CPU
		{4EDDBD8C-961A-468F-B3F9-6C565C11E659}.Release|Any CPU.Build.0 = Release|Any CPU
		{10FF8730-937C-4CA2-A19D-E1C04B0C097E}.Debug|Any CPU.ActiveCfg = Debug|Any CPU
		{10FF8730-937C-4CA2-A19D-E1C04B0C097E}.Debug|Any CPU.Build.0 = Debug|Any CPU
		{10FF8730-937C-4CA2-A19D-E1C04B0C097E}.Release|Any CPU.ActiveCfg = Release|Any CPU
		{10FF8730-937C-4CA2-A19D-E1C04B0C097E}.Release|Any CPU.Build.0 = Release|Any CPU
		{4E61733A-0F57-4134-BF97-5C7943558CB2}.Debug|Any CPU.ActiveCfg = Debug|Any CPU
		{4E61733A-0F57-4134-BF97-5C7943558CB2}.Debug|Any CPU.Build.0 = Debug|Any CPU
		{4E61733A-0F57-4134-BF97-5C7943558CB2}.Release|Any CPU.ActiveCfg = Release|Any CPU
		{4E61733A-0F57-4134-BF97-5C7943558CB2}.Release|Any CPU.Build.0 = Release|Any CPU
	EndGlobalSection
	GlobalSection(SolutionProperties) = preSolution
		HideSolutionNode = FALSE
	EndGlobalSection
	GlobalSection(ExtensibilityGlobals) = postSolution
		SolutionGuid = {CCFEA7E2-413C-4998-AC83-D4A702158E67}
	EndGlobalSection
EndGlobal
